
Microsoft Visual Studio Solution File, Format Version 12.00
# Visual Studio Version 17
VisualStudioVersion = 17.13.35806.99
MinimumVisualStudioVersion = 10.0.40219.1
Project("{FAE04EC0-301F-11D3-BF4B-00C04F79EFBC}") = "WinFormsApp1", "WinFormsApp1.csproj", "{58197A24-929B-4F2E-898F-7B7C3DB393E9}"
EndProject
Project("{54435603-DBB4-11D2-8724-00A0C9A8B90C}") = "SetupInventario", "..\SetupInventario\SetupInventario.vdproj", "{B386A47E-6067-D6C2-09C9-A9F55084D572}"
EndProject
Global
	GlobalSection(SolutionConfigurationPlatforms) = preSolution
		Debug|Any CPU = Debug|Any CPU
		Release|Any CPU = Release|Any CPU
	EndGlobalSection
	GlobalSection(ProjectConfigurationPlatforms) = postSolution
		{58197A24-929B-4F2E-898F-7B7C3DB393E9}.Debug|Any CPU.ActiveCfg = Debug|Any CPU
		{58197A24-929B-4F2E-898F-7B7C3DB393E9}.Debug|Any CPU.Build.0 = Debug|Any CPU
		{58197A24-929B-4F2E-898F-7B7C3DB393E9}.Release|Any CPU.ActiveCfg = Release|Any CPU
		{58197A24-929B-4F2E-898F-7B7C3DB393E9}.Release|Any CPU.Build.0 = Release|Any CPU
		{B386A47E-6067-D6C2-09C9-A9F55084D572}.Debug|Any CPU.ActiveCfg = Debug
		{B386A47E-6067-D6C2-09C9-A9F55084D572}.Release|Any CPU.ActiveCfg = Release
	EndGlobalSection
	GlobalSection(SolutionProperties) = preSolution
		HideSolutionNode = FALSE
	EndGlobalSection
	GlobalSection(ExtensibilityGlobals) = postSolution
		SolutionGuid = {8DDCFB2B-C99A-46CC-8555-901D1E34CBB9}
	EndGlobalSection
EndGlobal
